# THIS IS AN AUTOGENERATED FILE. DO NOT EDIT THIS FILE DIRECTLY.
# yarn lockfile v1


"@actions/core@^1.10.0":
  version "1.10.1"
  resolved "https://registry.yarnpkg.com/@actions/core/-/core-1.10.1.tgz#61108e7ac40acae95ee36da074fa5850ca4ced8a"
  integrity sha512-3lBR9EDAY+iYIpTnTIXmWcNbX3T2kCkAEQGIQx4NVQ0575nk2k3GRZDTPQG+vVtS2izSLmINlxXf0uLtnrTP+g==
  dependencies:
    "@actions/http-client" "^2.0.1"
    uuid "^8.3.2"

"@actions/github@^5.1.1":
  version "5.1.1"
  resolved "https://registry.yarnpkg.com/@actions/github/-/github-5.1.1.tgz#40b9b9e1323a5efcf4ff7dadd33d8ea51651bbcb"
  integrity sha512-Nk59rMDoJaV+mHCOJPXuvB1zIbomlKS0dmSIqPGxd0enAXBnOfn4VWF+CGtRCwXZG9Epa54tZA7VIRlJDS8A6g==
  dependencies:
    "@actions/http-client" "^2.0.1"
    "@octokit/core" "^3.6.0"
    "@octokit/plugin-paginate-rest" "^2.17.0"
    "@octokit/plugin-rest-endpoint-methods" "^5.13.0"

"@actions/http-client@^2.0.1":
  version "2.2.0"
  resolved "https://registry.yarnpkg.com/@actions/http-client/-/http-client-2.2.0.tgz#f8239f375be6185fcd07765efdcf0031ad5df1a0"
  integrity sha512-q+epW0trjVUUHboliPb4UF9g2msf+w61b32tAkFEwL/IwP0DQWgbCMM0Hbe3e3WXSKz5VcUXbzJQgy8Hkra/Lg==
  dependencies:
    tunnel "^0.0.6"
    undici "^5.25.4"

"@fastify/busboy@^2.0.0":
  version "2.1.0"
  resolved "https://registry.yarnpkg.com/@fastify/busboy/-/busboy-2.1.0.tgz#0709e9f4cb252351c609c6e6d8d6779a8d25edff"
  integrity sha512-+KpH+QxZU7O4675t3mnkQKcZZg56u+K/Ct2K+N2AZYNVK8kyeo/bI18tI8aPm3tvNNRyTWfj6s5tnGNlcbQRsA==

"@octokit/auth-token@^2.4.4":
  version "2.5.0"
  resolved "https://registry.yarnpkg.com/@octokit/auth-token/-/auth-token-2.5.0.tgz#27c37ea26c205f28443402477ffd261311f21e36"
  integrity sha512-r5FVUJCOLl19AxiuZD2VRZ/ORjp/4IN98Of6YJoJOkY75CIBuYfmiNHGrDwXr+aLGG55igl9QrxX3hbiXlLb+g==
  dependencies:
    "@octokit/types" "^6.0.3"

"@octokit/auth-token@^3.0.0":
  version "3.0.4"
  resolved "https://registry.yarnpkg.com/@octokit/auth-token/-/auth-token-3.0.4.tgz#70e941ba742bdd2b49bdb7393e821dea8520a3db"
  integrity sha512-TWFX7cZF2LXoCvdmJWY7XVPi74aSY0+FfBZNSXEXFkMpjcqsQwDSYVv5FhRFaI0V1ECnwbz4j59T/G+rXNWaIQ==

"@octokit/core@^3.6.0":
  version "3.6.0"
  resolved "https://registry.yarnpkg.com/@octokit/core/-/core-3.6.0.tgz#3376cb9f3008d9b3d110370d90e0a1fcd5fe6085"
  integrity sha512-7RKRKuA4xTjMhY+eG3jthb3hlZCsOwg3rztWh75Xc+ShDWOfDDATWbeZpAHBNRpm4Tv9WgBMOy1zEJYXG6NJ7Q==
  dependencies:
    "@octokit/auth-token" "^2.4.4"
    "@octokit/graphql" "^4.5.8"
    "@octokit/request" "^5.6.3"
    "@octokit/request-error" "^2.0.5"
    "@octokit/types" "^6.0.3"
    before-after-hook "^2.2.0"
    universal-user-agent "^6.0.0"

"@octokit/core@^4.2.0":
  version "4.2.4"
  resolved "https://registry.yarnpkg.com/@octokit/core/-/core-4.2.4.tgz#d8769ec2b43ff37cc3ea89ec4681a20ba58ef907"
  integrity sha512-rYKilwgzQ7/imScn3M9/pFfUf4I1AZEH3KhyJmtPdE2zfaXAn2mFfUy4FbKewzc2We5y/LlKLj36fWJLKC2SIQ==
  dependencies:
    "@octokit/auth-token" "^3.0.0"
    "@octokit/graphql" "^5.0.0"
    "@octokit/request" "^6.0.0"
    "@octokit/request-error" "^3.0.0"
    "@octokit/types" "^9.0.0"
    before-after-hook "^2.2.0"
    universal-user-agent "^6.0.0"

"@octokit/endpoint@^6.0.1":
  version "6.0.12"
  resolved "https://registry.yarnpkg.com/@octokit/endpoint/-/endpoint-6.0.12.tgz#3b4d47a4b0e79b1027fb8d75d4221928b2d05658"
  integrity sha512-lF3puPwkQWGfkMClXb4k/eUT/nZKQfxinRWJrdZaJO85Dqwo/G0yOC434Jr2ojwafWJMYqFGFa5ms4jJUgujdA==
  dependencies:
    "@octokit/types" "^6.0.3"
    is-plain-object "^5.0.0"
    universal-user-agent "^6.0.0"

"@octokit/endpoint@^7.0.0":
  version "7.0.6"
  resolved "https://registry.yarnpkg.com/@octokit/endpoint/-/endpoint-7.0.6.tgz#791f65d3937555141fb6c08f91d618a7d645f1e2"
  integrity sha512-5L4fseVRUsDFGR00tMWD/Trdeeihn999rTMGRMC1G/Ldi1uWlWJzI98H4Iak5DB/RVvQuyMYKqSK/R6mbSOQyg==
  dependencies:
    "@octokit/types" "^9.0.0"
    is-plain-object "^5.0.0"
    universal-user-agent "^6.0.0"

"@octokit/graphql@^4.5.8":
  version "4.8.0"
  resolved "https://registry.yarnpkg.com/@octokit/graphql/-/graphql-4.8.0.tgz#664d9b11c0e12112cbf78e10f49a05959aa22cc3"
  integrity sha512-0gv+qLSBLKF0z8TKaSKTsS39scVKF9dbMxJpj3U0vC7wjNWFuIpL/z76Qe2fiuCbDRcJSavkXsVtMS6/dtQQsg==
  dependencies:
    "@octokit/request" "^5.6.0"
    "@octokit/types" "^6.0.3"
    universal-user-agent "^6.0.0"

"@octokit/graphql@^5.0.0":
  version "5.0.6"
  resolved "https://registry.yarnpkg.com/@octokit/graphql/-/graphql-5.0.6.tgz#9eac411ac4353ccc5d3fca7d76736e6888c5d248"
  integrity sha512-Fxyxdy/JH0MnIB5h+UQ3yCoh1FG4kWXfFKkpWqjZHw/p+Kc8Y44Hu/kCgNBT6nU1shNumEchmW/sUO1JuQnPcw==
  dependencies:
    "@octokit/request" "^6.0.0"
    "@octokit/types" "^9.0.0"
    universal-user-agent "^6.0.0"

"@octokit/openapi-types@^12.11.0":
  version "12.11.0"
  resolved "https://registry.yarnpkg.com/@octokit/openapi-types/-/openapi-types-12.11.0.tgz#da5638d64f2b919bca89ce6602d059f1b52d3ef0"
  integrity sha512-VsXyi8peyRq9PqIz/tpqiL2w3w80OgVMwBHltTml3LmVvXiphgeqmY9mvBw9Wu7e0QWk/fqD37ux8yP5uVekyQ==

"@octokit/openapi-types@^18.0.0":
  version "18.1.1"
  resolved "https://registry.yarnpkg.com/@octokit/openapi-types/-/openapi-types-18.1.1.tgz#09bdfdabfd8e16d16324326da5148010d765f009"
  integrity sha512-VRaeH8nCDtF5aXWnjPuEMIYf1itK/s3JYyJcWFJT8X9pSNnBtriDf7wlEWsGuhPLl4QIH4xM8fqTXDwJ3Mu6sw==

"@octokit/plugin-paginate-rest@^2.17.0":
  version "2.21.3"
  resolved "https://registry.yarnpkg.com/@octokit/plugin-paginate-rest/-/plugin-paginate-rest-2.21.3.tgz#7f12532797775640dbb8224da577da7dc210c87e"
  integrity sha512-aCZTEf0y2h3OLbrgKkrfFdjRL6eSOo8komneVQJnYecAxIej7Bafor2xhuDJOIFau4pk0i/P28/XgtbyPF0ZHw==
  dependencies:
    "@octokit/types" "^6.40.0"

"@octokit/plugin-rest-endpoint-methods@^5.13.0":
  version "5.16.2"
  resolved "https://registry.yarnpkg.com/@octokit/plugin-rest-endpoint-methods/-/plugin-rest-endpoint-methods-5.16.2.tgz#7ee8bf586df97dd6868cf68f641354e908c25342"
  integrity sha512-8QFz29Fg5jDuTPXVtey05BLm7OB+M8fnvE64RNegzX7U+5NUXcOcnpTIK0YfSHBg8gYd0oxIq3IZTe9SfPZiRw==
  dependencies:
    "@octokit/types" "^6.39.0"
    deprecation "^2.3.1"

"@octokit/request-error@^2.0.5", "@octokit/request-error@^2.1.0":
  version "2.1.0"
  resolved "https://registry.yarnpkg.com/@octokit/request-error/-/request-error-2.1.0.tgz#9e150357831bfc788d13a4fd4b1913d60c74d677"
  integrity sha512-1VIvgXxs9WHSjicsRwq8PlR2LR2x6DwsJAaFgzdi0JfJoGSO8mYI/cHJQ+9FbN21aa+DrgNLnwObmyeSC8Rmpg==
  dependencies:
    "@octokit/types" "^6.0.3"
    deprecation "^2.0.0"
    once "^1.4.0"

"@octokit/request-error@^3.0.0":
  version "3.0.3"
  resolved "https://registry.yarnpkg.com/@octokit/request-error/-/request-error-3.0.3.tgz#ef3dd08b8e964e53e55d471acfe00baa892b9c69"
  integrity sha512-crqw3V5Iy2uOU5Np+8M/YexTlT8zxCfI+qu+LxUB7SZpje4Qmx3mub5DfEKSO8Ylyk0aogi6TYdf6kxzh2BguQ==
  dependencies:
    "@octokit/types" "^9.0.0"
    deprecation "^2.0.0"
    once "^1.4.0"

"@octokit/request@^5.6.0", "@octokit/request@^5.6.3":
  version "5.6.3"
  resolved "https://registry.yarnpkg.com/@octokit/request/-/request-5.6.3.tgz#19a022515a5bba965ac06c9d1334514eb50c48b0"
  integrity sha512-bFJl0I1KVc9jYTe9tdGGpAMPy32dLBXXo1dS/YwSCTL/2nd9XeHsY616RE3HPXDVk+a+dBuzyz5YdlXwcDTr2A==
  dependencies:
    "@octokit/endpoint" "^6.0.1"
    "@octokit/request-error" "^2.1.0"
    "@octokit/types" "^6.16.1"
    is-plain-object "^5.0.0"
    node-fetch "^2.6.7"
    universal-user-agent "^6.0.0"

"@octokit/request@^6.0.0":
  version "6.2.8"
  resolved "https://registry.yarnpkg.com/@octokit/request/-/request-6.2.8.tgz#aaf480b32ab2b210e9dadd8271d187c93171d8eb"
  integrity sha512-ow4+pkVQ+6XVVsekSYBzJC0VTVvh/FCTUUgTsboGq+DTeWdyIFV8WSCdo0RIxk6wSkBTHqIK1mYuY7nOBXOchw==
  dependencies:
    "@octokit/endpoint" "^7.0.0"
    "@octokit/request-error" "^3.0.0"
    "@octokit/types" "^9.0.0"
    is-plain-object "^5.0.0"
    node-fetch "^2.6.7"
    universal-user-agent "^6.0.0"

"@octokit/types@^6.0.3", "@octokit/types@^6.16.1", "@octokit/types@^6.39.0", "@octokit/types@^6.40.0":
  version "6.41.0"
  resolved "https://registry.yarnpkg.com/@octokit/types/-/types-6.41.0.tgz#e58ef78d78596d2fb7df9c6259802464b5f84a04"
  integrity sha512-eJ2jbzjdijiL3B4PrSQaSjuF2sPEQPVCPzBvTHJD9Nz+9dw2SGH4K4xeQJ77YfTq5bRQ+bD8wT11JbeDPmxmGg==
  dependencies:
    "@octokit/openapi-types" "^12.11.0"

"@octokit/types@^9.0.0":
  version "9.3.2"
  resolved "https://registry.yarnpkg.com/@octokit/types/-/types-9.3.2.tgz#3f5f89903b69f6a2d196d78ec35f888c0013cac5"
  integrity sha512-D4iHGTdAnEEVsB8fl95m1hiz7D5YiRdQ9b/OEb3BYRVwbLsGHcRVPz+u+BgRLNk0Q0/4iZCBqDN96j2XNxfXrA==
  dependencies:
    "@octokit/openapi-types" "^18.0.0"

"@vercel/ncc@^0.38.1":
  version "0.38.1"
  resolved "https://registry.yarnpkg.com/@vercel/ncc/-/ncc-0.38.1.tgz#13f08738111e1d9e8a22fd6141f3590e54d9a60e"
  integrity sha512-IBBb+iI2NLu4VQn3Vwldyi2QwaXt5+hTyh58ggAMoCGE6DJmPvwL3KPBWcJl1m9LYPChBLE980Jw+CS4Wokqxw==

before-after-hook@^2.2.0:
  version "2.2.3"
  resolved "https://registry.yarnpkg.com/before-after-hook/-/before-after-hook-2.2.3.tgz#c51e809c81a4e354084422b9b26bad88249c517c"
  integrity sha512-NzUnlZexiaH/46WDhANlyR2bXRopNg4F/zuSA3OpZnllCUgRaOF2znDioDWrmbNVsuZk6l9pMquQB38cfBZwkQ==

data-uri-to-buffer@^4.0.0:
  version "4.0.1"
  resolved "https://registry.yarnpkg.com/data-uri-to-buffer/-/data-uri-to-buffer-4.0.1.tgz#d8feb2b2881e6a4f58c2e08acfd0e2834e26222e"
  integrity sha512-0R9ikRb668HB7QDxT1vkpuUBtqc53YyAwMwGeUFKRojY/NWKvdZ+9UYtRfGmhqNbRkTSVpMbmyhXipFFv2cb/A==

deprecation@^2.0.0, deprecation@^2.3.1:
  version "2.3.1"
  resolved "https://registry.yarnpkg.com/deprecation/-/deprecation-2.3.1.tgz#6368cbdb40abf3373b525ac87e4a260c3a700919"
  integrity sha512-xmHIy4F3scKVwMsQ4WnVaS8bHOx0DmVwRywosKhaILI0ywMDWPtBSku2HNxRvF7jtwDRsoEwYQSfbxj8b7RlJQ==

fetch-blob@^3.1.2, fetch-blob@^3.1.4:
  version "3.2.0"
  resolved "https://registry.yarnpkg.com/fetch-blob/-/fetch-blob-3.2.0.tgz#f09b8d4bbd45adc6f0c20b7e787e793e309dcce9"
  integrity sha512-7yAQpD2UMJzLi1Dqv7qFYnPbaPx7ZfFK6PiIxQ4PfkGPyNyl2Ugx+a/umUonmKqjhM4DnfbMvdX6otXq83soQQ==
  dependencies:
    node-domexception "^1.0.0"
    web-streams-polyfill "^3.0.3"

formdata-polyfill@^4.0.10:
  version "4.0.10"
  resolved "https://registry.yarnpkg.com/formdata-polyfill/-/formdata-polyfill-4.0.10.tgz#24807c31c9d402e002ab3d8c720144ceb8848423"
  integrity sha512-buewHzMvYL29jdeQTVILecSaZKnt/RJWjoZCF5OW60Z67/GmSLBkOFM7qh1PI3zFNtJbaZL5eQu1vLfazOwj4g==
  dependencies:
    fetch-blob "^3.1.2"

is-plain-object@^5.0.0:
  version "5.0.0"
  resolved "https://registry.yarnpkg.com/is-plain-object/-/is-plain-object-5.0.0.tgz#4427f50ab3429e9025ea7d52e9043a9ef4159344"
  integrity sha512-VRSzKkbMm5jMDoKLbltAkFQ5Qr7VDiTFGXxYFXXowVj387GeGNOCsOH6Msy00SGZ3Fp84b1Naa1psqgcCIEP5Q==

node-domexception@^1.0.0:
  version "1.0.0"
  resolved "https://registry.yarnpkg.com/node-domexception/-/node-domexception-1.0.0.tgz#6888db46a1f71c0b76b3f7555016b63fe64766e5"
  integrity sha512-/jKZoMpw0F8GRwl4/eLROPA3cfcXtLApP0QzLmUT/HuPCZWyB7IY9ZrMeKw2O/nFIqPQB3PVM9aYm0F312AXDQ==

node-fetch@^2.6.7:
  version "2.7.0"
  resolved "https://registry.yarnpkg.com/node-fetch/-/node-fetch-2.7.0.tgz#d0f0fa6e3e2dc1d27efcd8ad99d550bda94d187d"
  integrity sha512-c4FRfUm/dbcWZ7U+1Wq0AwCyFL+3nt2bEw05wfxSz+DWpWsitgmSgYmy2dQdWyKC1694ELPqMs/YzUSNozLt8A==
  dependencies:
    whatwg-url "^5.0.0"

node-fetch@^3.3.0:
  version "3.3.2"
  resolved "https://registry.yarnpkg.com/node-fetch/-/node-fetch-3.3.2.tgz#d1e889bacdf733b4ff3b2b243eb7a12866a0b78b"
  integrity sha512-dRB78srN/l6gqWulah9SrxeYnxeddIG30+GOqK/9OlLVyLg3HPnr6SqOWTWOXKRwC2eGYCkZ59NNuSgvSrpgOA==
  dependencies:
    data-uri-to-buffer "^4.0.0"
    fetch-blob "^3.1.4"
    formdata-polyfill "^4.0.10"

once@^1.4.0:
  version "1.4.0"
  resolved "https://registry.yarnpkg.com/once/-/once-1.4.0.tgz#583b1aa775961d4b113ac17d9c50baef9dd76bd1"
  integrity sha512-lNaJgI+2Q5URQBkccEKHTQOPaXdUxnZZElQTZY0MFUAuaEqe1E+Nyvgdz/aIyNi6Z9MzO5dv1H8n58/GELp3+w==
  dependencies:
    wrappy "1"

stjs@^0.0.5:
  version "0.0.5"
  resolved "https://registry.yarnpkg.com/stjs/-/stjs-0.0.5.tgz#3e594645ccb41fb97b80b279093e2f9e4fb1738e"
  integrity sha512-VZLz4oZmwy6XSegkVaIFeCbBjGTmRd3u5cUJJQMkk2uSgdLLPjIvjPvzQk3KZJOwcZJ8lfQDB6M5eGBwnLsf6Q==

tr46@~0.0.3:
  version "0.0.3"
  resolved "https://registry.yarnpkg.com/tr46/-/tr46-0.0.3.tgz#8184fd347dac9cdc185992f3a6622e14b9d9ab6a"
  integrity sha512-N3WMsuqV66lT30CrXNbEjx4GEwlow3v6rr4mCcv6prnfwhS01rkgyFdjPNBYd9br7LpXV1+Emh01fHnq2Gdgrw==

tunnel@^0.0.6:
  version "0.0.6"
  resolved "https://registry.yarnpkg.com/tunnel/-/tunnel-0.0.6.tgz#72f1314b34a5b192db012324df2cc587ca47f92c"
  integrity sha512-1h/Lnq9yajKY2PEbBadPXj3VxsDDu844OnaAo52UVmIzIvwwtBPIuNvkjuzBlTWpfJyUbG3ez0KSBibQkj4ojg==

undici@^5.25.4:
  version "5.28.2"
  resolved "https://registry.yarnpkg.com/undici/-/undici-5.28.2.tgz#fea200eac65fc7ecaff80a023d1a0543423b4c91"
  integrity sha512-wh1pHJHnUeQV5Xa8/kyQhO7WFa8M34l026L5P/+2TYiakvGy5Rdc8jWZVyG7ieht/0WgJLEd3kcU5gKx+6GC8w==
  dependencies:
    "@fastify/busboy" "^2.0.0"

universal-user-agent@^6.0.0:
  version "6.0.1"
  resolved "https://registry.yarnpkg.com/universal-user-agent/-/universal-user-agent-6.0.1.tgz#15f20f55da3c930c57bddbf1734c6654d5fd35aa"
  integrity sha512-yCzhz6FN2wU1NiiQRogkTQszlQSlpWaw8SvVegAc+bDxbzHgh1vX8uIe8OYyMH6DwH+sdTJsgMl36+mSMdRJIQ==

uuid@^8.3.2:
  version "8.3.2"
  resolved "https://registry.yarnpkg.com/uuid/-/uuid-8.3.2.tgz#80d5b5ced271bb9af6c445f21a1a04c606cefbe2"
  integrity sha512-+NYs2QeMWy+GWFOEm9xnn6HCDp0l7QBD7ml8zLUmJ+93Q5NF0NocErnwkTkXVFNiX3/fpC6afS8Dhb/gz7R7eg==

web-streams-polyfill@^3.0.3:
  version "3.2.1"
  resolved "https://registry.yarnpkg.com/web-streams-polyfill/-/web-streams-polyfill-3.2.1.tgz#71c2718c52b45fd49dbeee88634b3a60ceab42a6"
  integrity sha512-e0MO3wdXWKrLbL0DgGnUV7WHVuw9OUvL4hjgnPkIeEvESk74gAITi5G606JtZPp39cd8HA9VQzCIvA49LpPN5Q==

webidl-conversions@^3.0.0:
  version "3.0.1"
  resolved "https://registry.yarnpkg.com/webidl-conversions/-/webidl-conversions-3.0.1.tgz#24534275e2a7bc6be7bc86611cc16ae0a5654871"
  integrity sha512-2JAn3z8AR6rjK8Sm8orRC0h/bcl/DqL7tRPdGZ4I1CjdF+EaMLmYxBHyXuKL849eucPFhvBoxMsflfOb8kxaeQ==

whatwg-url@^5.0.0:
  version "5.0.0"
  resolved "https://registry.yarnpkg.com/whatwg-url/-/whatwg-url-5.0.0.tgz#966454e8765462e37644d3626f6742ce8b70965d"
  integrity sha512-saE57nupxk6v3HY35+jzBwYa0rKSy0XR8JSxZPwgLr7ys0IBzhGviA1/TUGJLmSVqs8pb9AnvICXEuOHLprYTw==
  dependencies:
    tr46 "~0.0.3"
    webidl-conversions "^3.0.0"

wrappy@1:
  version "1.0.2"
  resolved "https://registry.yarnpkg.com/wrappy/-/wrappy-1.0.2.tgz#b5243d8f3ec1aa35f1364605bc0d1036e30ab69f"
  integrity sha512-l4Sp/DRseor9wL6EvV2+TuQn63dMkPjZ/sp9XkghTEbV9KlPS1xUsZ3u7/IQO4wxtcFB4bgpQPRcR3QCvezPcQ==
